# THIS IS AN AUTOGENERATED FILE. DO NOT EDIT THIS FILE DIRECTLY.
# yarn lockfile v1


"@graphql-typed-document-node/core@^3.1.1":
  version "3.2.0"
  resolved "https://registry.yarnpkg.com/@graphql-typed-document-node/core/-/core-3.2.0.tgz#5f3d96ec6b2354ad6d8a28bf216a1d97b5426861"
  integrity sha512-mB9oAsNCm9aM3/SOv4YtBMqZbYj10R7dkq8byBqxGY/ncFwhf2oQzMV+LCRlWoDSEBJ3COiR1yeDvMtsoOsuFQ==

asynckit@^0.4.0:
  version "0.4.0"
  resolved "https://registry.yarnpkg.com/asynckit/-/asynckit-0.4.0.tgz#c79ed97f7f34cb8f2ba1bc9790bcc366474b4b79"
  integrity sha512-Oei9OH4tRh0YqU3GxhX79dM/mwVgvbZJaSNaRk+bshkj0S5cfHcgYakreBjrHwatXKbz+IoIdYLxrKim2MjW0Q==

chownr@^2.0.0:
  version "2.0.0"
  resolved "https://registry.yarnpkg.com/chownr/-/chownr-2.0.0.tgz#15bfbe53d2eab4cf70f18a8cd68ebe5b3cb1dece"
  integrity sha512-bIomtDF5KGpdogkLd9VspvFzk9KfpyyGlS8YFVZl7TGPBHL5snIOnxeshwVgPteQ9b4Eydl+pVbIyE1DcvCWgQ==

combined-stream@^1.0.8:
  version "1.0.8"
  resolved "https://registry.yarnpkg.com/combined-stream/-/combined-stream-1.0.8.tgz#c3d45a8b34fd730631a110a8a2520682b31d5a7f"
  integrity sha512-FQN4MRfuJeHf7cBbBMJFXhKSDq+2kAArBlmRBvcvFE5BB1HZKXtSFASDhdlz9zOYwxh8lDdnvmMOe/+5cdoEdg==
  dependencies:
    delayed-stream "~1.0.0"

cross-fetch@^3.1.5:
  version "3.1.5"
  resolved "https://registry.yarnpkg.com/cross-fetch/-/cross-fetch-3.1.5.tgz#e1389f44d9e7ba767907f7af8454787952ab534f"
  integrity sha512-lvb1SBsI0Z7GDwmuid+mU3kWVBwTVUbe7S0H52yaaAdQOXq2YktTCZdlAcNKFzE6QtRz0snpw9bNiPeOIkkQvw==
  dependencies:
    node-fetch "2.6.7"

delayed-stream@~1.0.0:
  version "1.0.0"
  resolved "https://registry.yarnpkg.com/delayed-stream/-/delayed-stream-1.0.0.tgz#df3ae199acadfb7d440aaae0b29e2272b24ec619"
  integrity sha512-ZySD7Nf91aLB0RxL4KGrKHBXl7Eds1DAmEdcoVawXnLD7SDhpNgtuII2aAkg7a7QS41jxPSZ17p4VdGnMHk3MQ==

extract-files@^9.0.0:
  version "9.0.0"
  resolved "https://registry.yarnpkg.com/extract-files/-/extract-files-9.0.0.tgz#8a7744f2437f81f5ed3250ed9f1550de902fe54a"
  integrity sha512-CvdFfHkC95B4bBBk36hcEmvdR2awOdhhVUYH6S/zrVj3477zven/fJMYg7121h4T1xHZC+tetUpubpAhxwI7hQ==

form-data@^3.0.0:
  version "3.0.1"
  resolved "https://registry.yarnpkg.com/form-data/-/form-data-3.0.1.tgz#ebd53791b78356a99af9a300d4282c4d5eb9755f"
  integrity sha512-RHkBKtLWUVwd7SqRIvCZMEvAMoGUp0XU+seQiZejj0COz3RI3hWP4sCv3gZWWLjJTd7rGwcsF5eKZGii0r/hbg==
  dependencies:
    asynckit "^0.4.0"
    combined-stream "^1.0.8"
    mime-types "^2.1.12"

fs-minipass@^2.0.0:
  version "2.1.0"
  resolved "https://registry.yarnpkg.com/fs-minipass/-/fs-minipass-2.1.0.tgz#7f5036fdbf12c63c169190cbe4199c852271f9fb"
  integrity sha512-V/JgOLFCS+R6Vcq0slCuaeWEdNC3ouDlJMNIsacH2VtALiu9mV4LPrHc5cDl8k5aw6J8jwgWWpiTo5RYhmIzvg==
  dependencies:
    minipass "^3.0.0"

graphql-request@^5.1.0:
  version "5.2.0"
  resolved "https://registry.yarnpkg.com/graphql-request/-/graphql-request-5.2.0.tgz#a05fb54a517d91bb2d7aefa17ade4523dc5ebdca"
  integrity sha512-pLhKIvnMyBERL0dtFI3medKqWOz/RhHdcgbZ+hMMIb32mEPa5MJSzS4AuXxfI4sRAu6JVVk5tvXuGfCWl9JYWQ==
  dependencies:
    "@graphql-typed-document-node/core" "^3.1.1"
    cross-fetch "^3.1.5"
    extract-files "^9.0.0"
    form-data "^3.0.0"

graphql@^16.6.0:
  version "16.6.0"
  resolved "https://registry.yarnpkg.com/graphql/-/graphql-16.6.0.tgz#c2dcffa4649db149f6282af726c8c83f1c7c5fdb"
  integrity sha512-KPIBPDlW7NxrbT/eh4qPXz5FiFdL5UbaA0XUNz2Rp3Z3hqBSkbj0GVjwFDztsWVauZUWsbKHgMg++sk8UX0bkw==

isomorphic-fetch@^3.0.0:
  version "3.0.0"
  resolved "https://registry.yarnpkg.com/isomorphic-fetch/-/isomorphic-fetch-3.0.0.tgz#0267b005049046d2421207215d45d6a262b8b8b4"
  integrity sha512-qvUtwJ3j6qwsF3jLxkZ72qCgjMysPzDfeV240JHiGZsANBYd+EEuu35v7dfrJ9Up0Ak07D7GGSkGhCHTqg/5wA==
  dependencies:
    node-fetch "^2.6.1"
    whatwg-fetch "^3.4.1"

mime-db@1.52.0:
  version "1.52.0"
  resolved "https://registry.yarnpkg.com/mime-db/-/mime-db-1.52.0.tgz#bbabcdc02859f4987301c856e3387ce5ec43bf70"
  integrity sha512-sPU4uV7dYlvtWJxwwxHD0PuihVNiE7TyAbQ5SWxDCB9mUYvOgroQOwYQQOKPJ8CIbE+1ETVlOoK1UC2nU3gYvg==

mime-types@^2.1.12:
  version "2.1.35"
  resolved "https://registry.yarnpkg.com/mime-types/-/mime-types-2.1.35.tgz#381a871b62a734450660ae3deee44813f70d959a"
  integrity sha512-ZDY+bPm5zTTF+YpCrAU9nK0UgICYPT0QtT1NZWFv4s++TNkcgVaT0g6+4R2uI4MjQjzysHB1zxuWL50hzaeXiw==
  dependencies:
    mime-db "1.52.0"

minipass@^3.0.0:
  version "3.3.6"
  resolved "https://registry.yarnpkg.com/minipass/-/minipass-3.3.6.tgz#7bba384db3a1520d18c9c0e5251c3444e95dd94a"
  integrity sha512-DxiNidxSEK+tHG6zOIklvNOwm3hvCrbUrdtzY74U6HKTJxvIDfOUL5W5P2Ghd3DTkhhKPYGqeNUIh5qcM4YBfw==
  dependencies:
    yallist "^4.0.0"

minipass@^4.0.0:
  version "4.2.5"
  resolved "https://registry.yarnpkg.com/minipass/-/minipass-4.2.5.tgz#9e0e5256f1e3513f8c34691dd68549e85b2c8ceb"
  integrity sha512-+yQl7SX3bIT83Lhb4BVorMAHVuqsskxRdlmO9kTpyukp8vsm2Sn/fUOV9xlnG8/a5JsypJzap21lz/y3FBMJ8Q==

minizlib@^2.1.1:
  version "2.1.2"
  resolved "https://registry.yarnpkg.com/minizlib/-/minizlib-2.1.2.tgz#e90d3466ba209b932451508a11ce3d3632145931"
  integrity sha512-bAxsR8BVfj60DWXHE3u30oHzfl4G7khkSuPW+qvpd7jFRHm7dLxOjUk1EHACJ/hxLY8phGJ0YhYHZo7jil7Qdg==
  dependencies:
    minipass "^3.0.0"
    yallist "^4.0.0"

mkdirp@^1.0.3:
  version "1.0.4"
  resolved "https://registry.yarnpkg.com/mkdirp/-/mkdirp-1.0.4.tgz#3eb5ed62622756d79a5f0e2a221dfebad75c2f7e"
  integrity sha512-vVqVZQyf3WLx2Shd0qJ9xuvqgAyKPLAiqITEtqW0oIUjzo3PePDd6fW9iFz30ef7Ysp/oiWqbhszeGWW2T6Gzw==

node-fetch@2.6.7:
  version "2.6.7"
  resolved "https://registry.yarnpkg.com/node-fetch/-/node-fetch-2.6.7.tgz#24de9fba827e3b4ae44dc8b20256a379160052ad"
  integrity sha512-ZjMPFEfVx5j+y2yF35Kzx5sF7kDzxuDj6ziH4FFbOp87zKDZNx8yExJIb05OGF4Nlt9IHFIMBkRl41VdvcNdbQ==
  dependencies:
    whatwg-url "^5.0.0"

node-fetch@^2.6.1:
  version "2.6.9"
  resolved "https://registry.yarnpkg.com/node-fetch/-/node-fetch-2.6.9.tgz#7c7f744b5cc6eb5fd404e0c7a9fec630a55657e6"
  integrity sha512-DJm/CJkZkRjKKj4Zi4BsKVZh3ValV5IR5s7LVZnW+6YMh0W1BfNA8XSs6DLMGYlId5F3KnA70uu2qepcR08Qqg==
  dependencies:
    whatwg-url "^5.0.0"

tar@^6.1.13:
  version "6.1.13"
  resolved "https://registry.yarnpkg.com/tar/-/tar-6.1.13.tgz#46e22529000f612180601a6fe0680e7da508847b"
  integrity sha512-jdIBIN6LTIe2jqzay/2vtYLlBHa3JF42ot3h1dW8Q0PaAG4v8rm0cvpVePtau5C6OKXGGcgO9q2AMNSWxiLqKw==
  dependencies:
    chownr "^2.0.0"
    fs-minipass "^2.0.0"
    minipass "^4.0.0"
    minizlib "^2.1.1"
    mkdirp "^1.0.3"
    yallist "^4.0.0"

tr46@~0.0.3:
  version "0.0.3"
  resolved "https://registry.yarnpkg.com/tr46/-/tr46-0.0.3.tgz#8184fd347dac9cdc185992f3a6622e14b9d9ab6a"
  integrity sha512-N3WMsuqV66lT30CrXNbEjx4GEwlow3v6rr4mCcv6prnfwhS01rkgyFdjPNBYd9br7LpXV1+Emh01fHnq2Gdgrw==

weaviate-ts-client@^1.0.0:
  version "1.0.0"
  resolved "https://registry.yarnpkg.com/weaviate-ts-client/-/weaviate-ts-client-1.0.0.tgz#500428a1349f7ee93f667f8c3857d19dd3149ad8"
  integrity sha512-p2OdWyv5m4MmF3XV2lXqVufA9ak8p7eJDcjmvIoGiVeLnQoQCn7aLgKbb72BvszXkii6FCOgqhklQ33qezNGHg==
  dependencies:
    graphql-request "^5.1.0"
    isomorphic-fetch "^3.0.0"
    tar "^6.1.13"

webidl-conversions@^3.0.0:
  version "3.0.1"
  resolved "https://registry.yarnpkg.com/webidl-conversions/-/webidl-conversions-3.0.1.tgz#24534275e2a7bc6be7bc86611cc16ae0a5654871"
  integrity sha512-2JAn3z8AR6rjK8Sm8orRC0h/bcl/DqL7tRPdGZ4I1CjdF+EaMLmYxBHyXuKL849eucPFhvBoxMsflfOb8kxaeQ==

whatwg-fetch@^3.4.1:
  version "3.6.2"
  resolved "https://registry.yarnpkg.com/whatwg-fetch/-/whatwg-fetch-3.6.2.tgz#dced24f37f2624ed0281725d51d0e2e3fe677f8c"
  integrity sha512-bJlen0FcuU/0EMLrdbJ7zOnW6ITZLrZMIarMUVmdKtsGvZna8vxKYaexICWPfZ8qwf9fzNq+UEIZrnSaApt6RA==

whatwg-url@^5.0.0:
  version "5.0.0"
  resolved "https://registry.yarnpkg.com/whatwg-url/-/whatwg-url-5.0.0.tgz#966454e8765462e37644d3626f6742ce8b70965d"
  integrity sha512-saE57nupxk6v3HY35+jzBwYa0rKSy0XR8JSxZPwgLr7ys0IBzhGviA1/TUGJLmSVqs8pb9AnvICXEuOHLprYTw==
  dependencies:
    tr46 "~0.0.3"
    webidl-conversions "^3.0.0"

yallist@^4.0.0:
  version "4.0.0"
  resolved "https://registry.yarnpkg.com/yallist/-/yallist-4.0.0.tgz#9bb92790d9c0effec63be73519e11a35019a3a72"
  integrity sha512-3wdGidZyq5PB084XLES5TpOSRA3wjXAlIWMhum2kRcv/41Sn2emQ0dycQW4uZXLejwKvg6EsvbdlVL+FYEct7A==
